
Microsoft Visual Studio Solution File, Format Version 12.00
# Visual Studio Version 17
VisualStudioVersion = 17.14.36518.9 d17.14
MinimumVisualStudioVersion = 10.0.40219.1
Project("{FAE04EC0-301F-11D3-BF4B-00C04F79EFBC}") = "MercadoEletronico", "MercadoEletronico.csproj", "{5BD06640-27A5-4F18-B849-CF3EEB8CD1D0}"
EndProject
Global
	GlobalSection(SolutionConfigurationPlatforms) = preSolution
		Debug|Any CPU = Debug|Any CPU
		Release|Any CPU = Release|Any CPU
	EndGlobalSection
	GlobalSection(ProjectConfigurationPlatforms) = postSolution
		{5BD06640-27A5-4F18-B849-CF3EEB8CD1D0}.Debug|Any CPU.ActiveCfg = Debug|Any CPU
		{5BD06640-27A5-4F18-B849-CF3EEB8CD1D0}.Debug|Any CPU.Build.0 = Debug|Any CPU
		{5BD06640-27A5-4F18-B849-CF3EEB8CD1D0}.Release|Any CPU.ActiveCfg = Release|Any CPU
		{5BD06640-27A5-4F18-B849-CF3EEB8CD1D0}.Release|Any CPU.Build.0 = Release|Any CPU
	EndGlobalSection
	GlobalSection(SolutionProperties) = preSolution
		HideSolutionNode = FALSE
	EndGlobalSection
	GlobalSection(ExtensibilityGlobals) = postSolution
		SolutionGuid = {624FD693-3853-4B47-BF42-127E0D3EEC7F}
	EndGlobalSection
EndGlobal
